
Microsoft Visual Studio Solution File, Format Version 12.00
# Visual Studio Version 17
VisualStudioVersion = 17.13.35825.156
MinimumVisualStudioVersion = 10.0.40219.1
Project("{FAE04EC0-301F-11D3-BF4B-00C04F79EFBC}") = "TravelerAPI", "TravelerAPI\TravelerAPI.csproj", "{46DB88F5-CFA3-46B4-A771-7B9B6A87A75D}"
EndProject
Project("{E53339B2-1760-4266-BCC7-CA923CBCF16C}") = "docker-compose", "docker-compose.dcproj", "{81DDED9D-158B-E303-5F62-77A2896D2A5A}"
EndProject
Project("{FAE04EC0-301F-11D3-BF4B-00C04F79EFBC}") = "TravelerAPI.Tests", "..\TravelerAPI.Tests\TravelerAPI.Tests.csproj", "{80B21547-156B-4C18-A90A-DBBE6F82E985}"
EndProject
Global
	GlobalSection(SolutionConfigurationPlatforms) = preSolution
		Debug|Any CPU = Debug|Any CPU
		Release|Any CPU = Release|Any CPU
	EndGlobalSection
	GlobalSection(ProjectConfigurationPlatforms) = postSolution
		{46DB88F5-CFA3-46B4-A771-7B9B6A87A75D}.Debug|Any CPU.ActiveCfg = Debug|Any CPU
		{46DB88F5-CFA3-46B4-A771-7B9B6A87A75D}.Debug|Any CPU.Build.0 = Debug|Any CPU
		{46DB88F5-CFA3-46B4-A771-7B9B6A87A75D}.Release|Any CPU.ActiveCfg = Release|Any CPU
		{46DB88F5-CFA3-46B4-A771-7B9B6A87A75D}.Release|Any CPU.Build.0 = Release|Any CPU
		{81DDED9D-158B-E303-5F62-77A2896D2A5A}.Debug|Any CPU.ActiveCfg = Debug|Any CPU
		{81DDED9D-158B-E303-5F62-77A2896D2A5A}.Debug|Any CPU.Build.0 = Debug|Any CPU
		{81DDED9D-158B-E303-5F62-77A2896D2A5A}.Release|Any CPU.ActiveCfg = Release|Any CPU
		{81DDED9D-158B-E303-5F62-77A2896D2A5A}.Release|Any CPU.Build.0 = Release|Any CPU
		{80B21547-156B-4C18-A90A-DBBE6F82E985}.Debug|Any CPU.ActiveCfg = Debug|Any CPU
		{80B21547-156B-4C18-A90A-DBBE6F82E985}.Debug|Any CPU.Build.0 = Debug|Any CPU
		{80B21547-156B-4C18-A90A-DBBE6F82E985}.Release|Any CPU.ActiveCfg = Release|Any CPU
		{80B21547-156B-4C18-A90A-DBBE6F82E985}.Release|Any CPU.Build.0 = Release|Any CPU
	EndGlobalSection
	GlobalSection(SolutionProperties) = preSolution
		HideSolutionNode = FALSE
	EndGlobalSection
	GlobalSection(ExtensibilityGlobals) = postSolution
		SolutionGuid = {54C3F7DF-9776-4132-9E8F-B0213A13AE85}
	EndGlobalSection
EndGlobal
